
Microsoft Visual Studio Solution File, Format Version 12.00
# Visual Studio Version 16
VisualStudioVersion = 16.0.30611.23
MinimumVisualStudioVersion = 10.0.40219.1
Project("{FAE04EC0-301F-11D3-BF4B-00C04F79EFBC}") = "Server", "Server\Server.csproj", "{C911CB3B-09B6-4C1E-8C3D-371FC98F0764}"
EndProject
Project("{FAE04EC0-301F-11D3-BF4B-00C04F79EFBC}") = "Client", "Client\Client.csproj", "{166C554A-F05C-4094-B651-0F4B609FD8E8}"
EndProject
Project("{FAE04EC0-301F-11D3-BF4B-00C04F79EFBC}") = "ClientTests", "ClientTests\ClientTests.csproj", "{60CA4AD0-80E7-48D2-AEC3-047958EDBE9F}"
EndProject
Project("{FAE04EC0-301F-11D3-BF4B-00C04F79EFBC}") = "ServerTests", "ServerTests\ServerTests.csproj", "{96F91CCB-7458-4FFE-B2A3-9BD41F9CAE7D}"
EndProject
Global
	GlobalSection(SolutionConfigurationPlatforms) = preSolution
		Debug|Any CPU = Debug|Any CPU
		Release|Any CPU = Release|Any CPU
	EndGlobalSection
	GlobalSection(ProjectConfigurationPlatforms) = postSolution
		{C911CB3B-09B6-4C1E-8C3D-371FC98F0764}.Debug|Any CPU.ActiveCfg = Debug|Any CPU
		{C911CB3B-09B6-4C1E-8C3D-371FC98F0764}.Debug|Any CPU.Build.0 = Debug|Any CPU
		{C911CB3B-09B6-4C1E-8C3D-371FC98F0764}.Release|Any CPU.ActiveCfg = Release|Any CPU
		{C911CB3B-09B6-4C1E-8C3D-371FC98F0764}.Release|Any CPU.Build.0 = Release|Any CPU
		{166C554A-F05C-4094-B651-0F4B609FD8E8}.Debug|Any CPU.ActiveCfg = Debug|Any CPU
		{166C554A-F05C-4094-B651-0F4B609FD8E8}.Debug|Any CPU.Build.0 = Debug|Any CPU
		{166C554A-F05C-4094-B651-0F4B609FD8E8}.Release|Any CPU.ActiveCfg = Release|Any CPU
		{166C554A-F05C-4094-B651-0F4B609FD8E8}.Release|Any CPU.Build.0 = Release|Any CPU
		{60CA4AD0-80E7-48D2-AEC3-047958EDBE9F}.Debug|Any CPU.ActiveCfg = Debug|Any CPU
		{60CA4AD0-80E7-48D2-AEC3-047958EDBE9F}.Debug|Any CPU.Build.0 = Debug|Any CPU
		{60CA4AD0-80E7-48D2-AEC3-047958EDBE9F}.Release|Any CPU.ActiveCfg = Release|Any CPU
		{60CA4AD0-80E7-48D2-AEC3-047958EDBE9F}.Release|Any CPU.Build.0 = Release|Any CPU
		{96F91CCB-7458-4FFE-B2A3-9BD41F9CAE7D}.Debug|Any CPU.ActiveCfg = Debug|Any CPU
		{96F91CCB-7458-4FFE-B2A3-9BD41F9CAE7D}.Debug|Any CPU.Build.0 = Debug|Any CPU
		{96F91CCB-7458-4FFE-B2A3-9BD41F9CAE7D}.Release|Any CPU.ActiveCfg = Release|Any CPU
		{96F91CCB-7458-4FFE-B2A3-9BD41F9CAE7D}.Release|Any CPU.Build.0 = Release|Any CPU
	EndGlobalSection
	GlobalSection(SolutionProperties) = preSolution
		HideSolutionNode = FALSE
	EndGlobalSection
	GlobalSection(ExtensibilityGlobals) = postSolution
		SolutionGuid = {11DAC93F-3CC0-4D4A-ACCD-331395305397}
	EndGlobalSection
EndGlobal
